
Microsoft Visual Studio Solution File, Format Version 12.00
# Visual Studio Version 16
VisualStudioVersion = 16.0.31019.35
MinimumVisualStudioVersion = 10.0.40219.1
Project("{FAE04EC0-301F-11D3-BF4B-00C04F79EFBC}") = "Management_Farmacie", "Management_Farmacie.csproj", "{92DE63F5-761E-4E20-99D2-FE09130CEACE}"
EndProject
Global
	GlobalSection(SolutionConfigurationPlatforms) = preSolution
		Debug|Any CPU = Debug|Any CPU
		Release|Any CPU = Release|Any CPU
	EndGlobalSection
	GlobalSection(ProjectConfigurationPlatforms) = postSolution
		{92DE63F5-761E-4E20-99D2-FE09130CEACE}.Debug|Any CPU.ActiveCfg = Debug|Any CPU
		{92DE63F5-761E-4E20-99D2-FE09130CEACE}.Debug|Any CPU.Build.0 = Debug|Any CPU
		{92DE63F5-761E-4E20-99D2-FE09130CEACE}.Release|Any CPU.ActiveCfg = Release|Any CPU
		{92DE63F5-761E-4E20-99D2-FE09130CEACE}.Release|Any CPU.Build.0 = Release|Any CPU
	EndGlobalSection
	GlobalSection(SolutionProperties) = preSolution
		HideSolutionNode = FALSE
	EndGlobalSection
	GlobalSection(ExtensibilityGlobals) = postSolution
		SolutionGuid = {7C5CCAEC-686B-4A71-A274-8F8306129F4B}
	EndGlobalSection
EndGlobal
